
Microsoft Visual Studio Solution File, Format Version 10.00
# Visual Studio 2008
Project("{FAE04EC0-301F-11D3-BF4B-00C04F79EFBC}") = "Classifier", "Classifier\Classifier.csproj", "{7DDD2332-B658-4F48-A35D-A01E86608133}"
EndProject
Global
	GlobalSection(SolutionConfigurationPlatforms) = preSolution
		Debug|Any CPU = Debug|Any CPU
		Release|Any CPU = Release|Any CPU
	EndGlobalSection
	GlobalSection(ProjectConfigurationPlatforms) = postSolution
		{7DDD2332-B658-4F48-A35D-A01E86608133}.Debug|Any CPU.ActiveCfg = Debug|Any CPU
		{7DDD2332-B658-4F48-A35D-A01E86608133}.Debug|Any CPU.Build.0 = Debug|Any CPU
		{7DDD2332-B658-4F48-A35D-A01E86608133}.Release|Any CPU.ActiveCfg = Release|Any CPU
		{7DDD2332-B658-4F48-A35D-A01E86608133}.Release|Any CPU.Build.0 = Release|Any CPU
	EndGlobalSection
	GlobalSection(SolutionProperties) = preSolution
		HideSolutionNode = FALSE
	EndGlobalSection
EndGlobal
